
Microsoft Visual Studio Solution File, Format Version 12.00
# Visual Studio Version 16
VisualStudioVersion = 16.0.30717.126
MinimumVisualStudioVersion = 10.0.40219.1
Project("{FAE04EC0-301F-11D3-BF4B-00C04F79EFBC}") = "ExperBE", "ExperBE\ExperBE.csproj", "{54ED687A-FE66-465C-98E6-8A7E8C4ECD10}"
EndProject
Project("{FAE04EC0-301F-11D3-BF4B-00C04F79EFBC}") = "ExperBE.Tests", "ExperBE.Tests\ExperBE.Tests.csproj", "{2FFEB2AC-4EDD-48C2-88D5-53789DEC7B51}"
EndProject
Global
	GlobalSection(SolutionConfigurationPlatforms) = preSolution
		Debug|Any CPU = Debug|Any CPU
		Release|Any CPU = Release|Any CPU
	EndGlobalSection
	GlobalSection(ProjectConfigurationPlatforms) = postSolution
		{54ED687A-FE66-465C-98E6-8A7E8C4ECD10}.Debug|Any CPU.ActiveCfg = Debug|Any CPU
		{54ED687A-FE66-465C-98E6-8A7E8C4ECD10}.Debug|Any CPU.Build.0 = Debug|Any CPU
		{54ED687A-FE66-465C-98E6-8A7E8C4ECD10}.Release|Any CPU.ActiveCfg = Release|Any CPU
		{54ED687A-FE66-465C-98E6-8A7E8C4ECD10}.Release|Any CPU.Build.0 = Release|Any CPU
		{2FFEB2AC-4EDD-48C2-88D5-53789DEC7B51}.Debug|Any CPU.ActiveCfg = Debug|Any CPU
		{2FFEB2AC-4EDD-48C2-88D5-53789DEC7B51}.Debug|Any CPU.Build.0 = Debug|Any CPU
		{2FFEB2AC-4EDD-48C2-88D5-53789DEC7B51}.Release|Any CPU.ActiveCfg = Release|Any CPU
		{2FFEB2AC-4EDD-48C2-88D5-53789DEC7B51}.Release|Any CPU.Build.0 = Release|Any CPU
	EndGlobalSection
	GlobalSection(SolutionProperties) = preSolution
		HideSolutionNode = FALSE
	EndGlobalSection
	GlobalSection(ExtensibilityGlobals) = postSolution
		SolutionGuid = {21CF3D69-8203-45A5-995B-6A1D960737E5}
	EndGlobalSection
EndGlobal
